
Microsoft Visual Studio Solution File, Format Version 12.00
# Visual Studio Version 17
VisualStudioVersion = 17.11.35327.3
MinimumVisualStudioVersion = 10.0.40219.1
Project("{FAE04EC0-301F-11D3-BF4B-00C04F79EFBC}") = "TruckDriversFunctionApp", "TruckDriversFunctionApp\TruckDriversFunctionApp.csproj", "{718BA812-E2B4-42B5-8F4D-BBB7AC7F69D5}"
EndProject
Global
	GlobalSection(SolutionConfigurationPlatforms) = preSolution
		Debug|Any CPU = Debug|Any CPU
		Release|Any CPU = Release|Any CPU
	EndGlobalSection
	GlobalSection(ProjectConfigurationPlatforms) = postSolution
		{718BA812-E2B4-42B5-8F4D-BBB7AC7F69D5}.Debug|Any CPU.ActiveCfg = Debug|Any CPU
		{718BA812-E2B4-42B5-8F4D-BBB7AC7F69D5}.Debug|Any CPU.Build.0 = Debug|Any CPU
		{718BA812-E2B4-42B5-8F4D-BBB7AC7F69D5}.Release|Any CPU.ActiveCfg = Release|Any CPU
		{718BA812-E2B4-42B5-8F4D-BBB7AC7F69D5}.Release|Any CPU.Build.0 = Release|Any CPU
	EndGlobalSection
	GlobalSection(SolutionProperties) = preSolution
		HideSolutionNode = FALSE
	EndGlobalSection
	GlobalSection(ExtensibilityGlobals) = postSolution
		SolutionGuid = {726C8BAB-C65E-4A17-B1EC-ADA60D755DB6}
	EndGlobalSection
EndGlobal
